{
  "requires": true,
  "lockfileVersion": 1,
  "dependencies": {
    "@types/prop-types": {
      "version": "15.7.3",
      "resolved": "https://artifacthub-tip.oraclecorp.com/api/npm/npmjs-remote/@types/prop-types/-/prop-types-15.7.3.tgz",
      "integrity": "sha1-KrDV2i5YFflLC51LldHl8kOrLKc="
    },
    "@types/react": {
      "version": "16.9.49",
      "resolved": "https://artifacthub-tip.oraclecorp.com/api/npm/npmjs-remote/@types/react/-/react-16.9.49.tgz",
      "integrity": "sha1-CdsCHPgImroM2xKkn4AhppzOSHI=",
      "requires": {
        "@types/prop-types": "*",
        "csstype": "^3.0.2"
      }
    },
    "csstype": {
      "version": "3.0.3",
      "resolved": "https://artifacthub-tip.oraclecorp.com/api/npm/npmjs-remote/csstype/-/csstype-3.0.3.tgz",
      "integrity": "sha1-K0ELvro4upYzNTr/NLBdl1XQZfg="
    }
  }
}
